
Microsoft Visual Studio Solution File, Format Version 12.00
# Visual Studio Version 16
VisualStudioVersion = 16.0.31005.135
MinimumVisualStudioVersion = 10.0.40219.1
Project("{FAE04EC0-301F-11D3-BF4B-00C04F79EFBC}") = "Tracer2", "Tracer2.csproj", "{4BF02EB6-CA15-47F2-8665-E9D5E19240F9}"
EndProject
Global
	GlobalSection(SolutionConfigurationPlatforms) = preSolution
		Debug|Any CPU = Debug|Any CPU
		Release|Any CPU = Release|Any CPU
	EndGlobalSection
	GlobalSection(ProjectConfigurationPlatforms) = postSolution
		{4BF02EB6-CA15-47F2-8665-E9D5E19240F9}.Debug|Any CPU.ActiveCfg = Debug|Any CPU
		{4BF02EB6-CA15-47F2-8665-E9D5E19240F9}.Debug|Any CPU.Build.0 = Debug|Any CPU
		{4BF02EB6-CA15-47F2-8665-E9D5E19240F9}.Release|Any CPU.ActiveCfg = Release|Any CPU
		{4BF02EB6-CA15-47F2-8665-E9D5E19240F9}.Release|Any CPU.Build.0 = Release|Any CPU
	EndGlobalSection
	GlobalSection(SolutionProperties) = preSolution
		HideSolutionNode = FALSE
	EndGlobalSection
	GlobalSection(ExtensibilityGlobals) = postSolution
		SolutionGuid = {48817372-E37C-47D2-A2C6-225C18FC3A2F}
	EndGlobalSection
EndGlobal
